# Hash-locked dependency closure for the embedded runtime (cp312/win_amd64).
# Generated from requirements.txt + llama-cpp-python runtime deps
# (typing-extensions, diskcache, jinja2 -> MarkupSafe), full transitive set,
# via: pip download --only-binary=:all: --platform win_amd64 --python-version 3.12 --abi cp312
# Installed with 'pip install --require-hashes -r requirements.lock'; the
# llama-cpp wheel is then installed --no-deps. Regenerate via CI when requirements.txt changes.
#
annotated_doc==0.0.4 --hash=sha256:571ac1dc6991c450b25a9c2d84a3705e2ae7a53467b5d111c24fa8baabbed320
annotated_types==0.7.0 --hash=sha256:1f02e8b43a8fbbc3f3e0d4f0f4bfc8131bcb4eebe8849b8e5c773f3a1c582a53
anyio==4.13.0 --hash=sha256:08b310f9e24a9594186fd75b4f73f4a4152069e3853f1ed8bfbf58369f4ad708
av==17.1.0 --hash=sha256:5df5c1172ef1cf65a1529d612f7da7798ce2cf82c1ff7212466b538a6cc7214c
certifi==2026.5.20 --hash=sha256:3c52e209ba0a4ad7aebe60436a4ab349c39e1e602e8c134221e546902ad25897
cffi==2.0.0 --hash=sha256:da68248800ad6320861f129cd9c1bf96ca849a2771a59e0344e88681905916f5
click==8.4.1 --hash=sha256:482be17c6991b8c19c5429a1e995d9b0efdbb63172824c41f99965dc0ade8ec2
colorama==0.4.6 --hash=sha256:4f1d9991f5acc0ca119f9d443620b77f9d6b33703e51011c16baf57afb285fc6
ctranslate2==4.8.0 --hash=sha256:06feaafe134aafa8cb2fb1fdb82e36f050bb05929dfde1a95f4fe4d7881dfc76
diskcache==5.6.3 --hash=sha256:5e31b2d5fbad117cc363ebaf6b689474db18a1f6438bc82358b024abd4c2ca19
fastapi==0.137.0 --hash=sha256:6dcbde8d464f92117c1accb9e42720f8e423fa9b86cb563b1f5862f785a06498
faster_whisper==1.2.1 --hash=sha256:79a66ad50688c0b794dd501dc340a736992a6342f7f95e5811be60b5224a26a7
filelock==3.29.4 --hash=sha256:dac1648087d5115554850d113e7dd8c83ab2d38e3435dde2d4f163847e57b767
flatbuffers==25.12.19 --hash=sha256:7634f50c427838bb021c2d66a3d1168e9d199b0607e6329399f04846d42e20b4
fsspec==2026.4.0 --hash=sha256:11ef7bb35dab8a394fde6e608221d5cf3e8499401c249bebaeaad760a1a8dec2
h11==0.16.0 --hash=sha256:63cf8bbe7522de3bf65932fda1d9c2772064ffb3dae62d55932da54b31cb6c86
hf_xet==1.5.1 --hash=sha256:f7b3002f95d1c13e24bcb4537baa8f0eb3838957067c91bb4959bc004a6435f5
httpcore==1.0.9 --hash=sha256:2d400746a40668fc9dec9810239072b40b4484b640a8c38fd654a024c7a1bf55
httpx==0.28.1 --hash=sha256:d909fcccc110f8c7faf814ca82a9a4d816bc5a6dbfea25d6591d6985b8ba59ad
huggingface_hub==1.19.0 --hash=sha256:1dc72e1f6b4d6df6b30eb72e57d00514ef453d660f04af2b87f0e67267f31ee0
idna==3.18 --hash=sha256:7f952cbe720b688055e3f87de14f5c3e5fdaa8bc3928985c4077ca689de849a2
jinja2==3.1.6 --hash=sha256:85ece4451f492d0c13c5dd7c13a64681a86afae63a5f347908daf103ce6d2f67
joblib==1.5.3 --hash=sha256:5fc3c5039fc5ca8c0276333a188bbd59d6b7ab37fe6632daa76bc7f9ec18e713
markdown_it_py==4.2.0 --hash=sha256:9f7ebbcd14fe59494226453aed97c1070d83f8d24b6fc3a3bcf9a38092641c4a
markupsafe==3.0.3 --hash=sha256:26a5784ded40c9e318cfc2bdb30fe164bdb8665ded9cd64d500a34fb42067b1c
mdurl==0.1.2 --hash=sha256:84008a41e51615a49fc9966191ff91509e3c40b939176e643fd50a5c2196b8f8
narwhals==2.22.1 --hash=sha256:60567d774edf77db53906f89d9fbd164e66e56d66d388e1e6990f17ac33cfb53
numpy==2.4.6 --hash=sha256:d8e8286dd7cea7895157318d1b91cdacac64c479f3cbc8dce548331728484751
onnxruntime==1.26.0 --hash=sha256:a26374dc7fbcaae593601086b242120e13f2310558df0991da6dd8b8fac00414
packaging==26.2 --hash=sha256:5fc45236b9446107ff2415ce77c807cee2862cb6fac22b8a73826d0693b0980e
protobuf==7.35.1 --hash=sha256:230a75ddfc2de4806e56696ce9640c1cdfdb6543b7cfce98d42a4c0a0e7bdb87
psutil==7.2.2 --hash=sha256:eb7e81434c8d223ec4a219b5fc1c47d0417b12be7ea866e24fb5ad6e84b3d988
pycparser==3.0 --hash=sha256:b727414169a36b7d524c1c3e31839a521725078d7b2ff038656844266160a992
pydantic==2.13.4 --hash=sha256:45a282cde31d808236fd7ea9d919b128653c8b38b393d1c4ab335c62924d9aba
pydantic_core==2.46.4 --hash=sha256:e9c26f834c65f5752f3f06cb08cb86a913ceb7274d0db6e267808a708b46bc89
pygments==2.20.0 --hash=sha256:81a9e26dd42fd28a23a2d169d86d7ac03b46e2f8b59ed4698fb4785f946d0176
pyyaml==6.0.3 --hash=sha256:5fcd34e47f6e0b794d17de1b4ff496c00986e1c83f7ab2fb8fcfe9616ff7477b
rich==15.0.0 --hash=sha256:33bd4ef74232fb73fe9279a257718407f169c09b78a87ad3d296f548e27de0bb
scikit_learn==1.9.0 --hash=sha256:4306775fad04cc4b472a1b15af1ae9cede1540fbfcc17fbce3767cd8dc7ae283
scipy==1.17.1 --hash=sha256:41b71f4a3a4cab9d366cd9065b288efc4d4f3c0b37a91a8e0947fb5bd7f31d87
setuptools==82.0.1 --hash=sha256:a59e362652f08dcd477c78bb6e7bd9d80a7995bc73ce773050228a348ce2e5bb
shellingham==1.5.4 --hash=sha256:7ecfff8f2fd72616f7481040475a65b2bf8af90a56c89140852d1120324e8686
soundfile==0.14.0 --hash=sha256:299491d3499460fb1b74bb4bd78b57ffc2d243a5fafa7b6ec1b264875c78453e
sse_starlette==3.4.4 --hash=sha256:3f4dd50d8aed2771a091f3a83000323fc3844541c16b4fe585ae2420cc6df973
starlette==1.3.1 --hash=sha256:c7372aae11c3c3f26a42df7bd626cec2f47d03483d261d369516a615a53714c6
threadpoolctl==3.6.0 --hash=sha256:43a0b8fd5a2928500110039e43a5eed8480b918967083ea48dc3ab9f13c4a7fb
tokenizers==0.23.1 --hash=sha256:e7bfaf995c1bdbbd21d13539decb6650967013759318627d85daeb7881af16b7
tqdm==4.68.2 --hash=sha256:d4240441fb5353290b87d6a85968c9decc131a99b8c7faa28269d829de669ede
typer==0.25.1 --hash=sha256:75caa44ed46a03fb2dab8808753ffacdbfea88495e74c85a28c5eefcf5f39c89
typing_extensions==4.15.0 --hash=sha256:f0fa19c6845758ab08074a0cfa8b7aecb71c999ca73d62883bc25cc018c4e548
typing_inspection==0.4.2 --hash=sha256:4ed1cacbdc298c220f1bd249ed5287caa16f34d44ef4e9c3d0cbad5b521545e7
uvicorn==0.49.0 --hash=sha256:ba3d14c3ee7e41c6c654c46c9eb489d33213cdd30aa1696eab1374337c13f68f
